dependencies:
- name: backend
  repository: file://charts/backend
  version: 1.0.0
- name: frontend
  repository: file://charts/frontend
  version: 1.0.0
- name: nginx
  repository: file://charts/nginx
  version: 1.0.0
- name: pgbouncer
  repository: file://charts/pgbouncer
  version: 1.0.0
digest: sha256:2ce378911460d1b7c173581a7b2bb1dc7fed908a41ff85cc3f3869e6959ca8b3
generated: "2024-10-25T16:29:07.7666532+02:00"
